// !$*UTF8*$!
{
	archiveVersion = 1;
	classes = {
	};
	objectVersion = 56;
	objects = {

/* Begin PBXBuildFile section */
		20FA154B2B9A788F00C835F0 /* CookBookApp.swift in Sources */ = {isa = PBXBuildFile; fileRef = 20FA154A2B9A788F00C835F0 /* CookBookApp.swift */; };
		20FA154F2B9A789000C835F0 /* Assets.xcassets in Resources */ = {isa = PBXBuildFile; fileRef = 20FA154E2B9A789000C835F0 /* Assets.xcassets */; };
		20FA15522B9A789000C835F0 /* Preview Assets.xcassets in Resources */ = {isa = PBXBuildFile; fileRef = 20FA15512B9A789000C835F0 /* Preview Assets.xcassets */; };
		20FA157D2B9B344500C835F0 /* Colors.xcassets in Resources */ = {isa = PBXBuildFile; fileRef = 20FA157C2B9B344500C835F0 /* Colors.xcassets */; };
		20FA15DB2B9BC32B00C835F0 /* HomeView.swift in Sources */ = {isa = PBXBuildFile; fileRef = 20FA15DA2B9BC32B00C835F0 /* HomeView.swift */; };
		20FA15DF2B9BC4C100C835F0 /* Receipe.swift in Sources */ = {isa = PBXBuildFile; fileRef = 20FA15DE2B9BC4C100C835F0 /* Receipe.swift */; };
		D56CBEBE2D8CCAD0000C124C /* ProgressComponentView.swift in Sources */ = {isa = PBXBuildFile; fileRef = D56CBEBD2D8CCAD0000C124C /* ProgressComponentView.swift */; };
		D5DC4D7B2D6C8867004DD0BC /* LoginView.swift in Sources */ = {isa = PBXBuildFile; fileRef = D5DC4D7A2D6C8867004DD0BC /* LoginView.swift */; };
		D5DC4D7E2D6C8ECF004DD0BC /* LoginViewModel.swift in Sources */ = {isa = PBXBuildFile; fileRef = D5DC4D7D2D6C8ECF004DD0BC /* LoginViewModel.swift */; };
		D5DC4D802D6C8FBF004DD0BC /* RegisterView.swift in Sources */ = {isa = PBXBuildFile; fileRef = D5DC4D7F2D6C8FBF004DD0BC /* RegisterView.swift */; };
		D5DC4D832D6C93A9004DD0BC /* AuthTextFieldStyle.swift in Sources */ = {isa = PBXBuildFile; fileRef = D5DC4D822D6C93A9004DD0BC /* AuthTextFieldStyle.swift */; };
		D5DC4D852D6CA1B6004DD0BC /* PasswordComponentView.swift in Sources */ = {isa = PBXBuildFile; fileRef = D5DC4D842D6CA1B6004DD0BC /* PasswordComponentView.swift */; };
		D5DC4D872D6CA4DA004DD0BC /* RegisterViewModel.swift in Sources */ = {isa = PBXBuildFile; fileRef = D5DC4D862D6CA4DA004DD0BC /* RegisterViewModel.swift */; };
		D5DC4D892D6CAAEB004DD0BC /* HomeViewModel.swift in Sources */ = {isa = PBXBuildFile; fileRef = D5DC4D882D6CAAEB004DD0BC /* HomeViewModel.swift */; };
		D5DC4D8B2D6CC00D004DD0BC /* ReceipeDetailView.swift in Sources */ = {isa = PBXBuildFile; fileRef = D5DC4D8A2D6CC00D004DD0BC /* ReceipeDetailView.swift */; };
		D5DC4D8D2D6CC616004DD0BC /* PrimaryButtonStyle.swift in Sources */ = {isa = PBXBuildFile; fileRef = D5DC4D8C2D6CC616004DD0BC /* PrimaryButtonStyle.swift */; };
		D5DC4D8F2D6CC90F004DD0BC /* AddReceipeView.swift in Sources */ = {isa = PBXBuildFile; fileRef = D5DC4D8E2D6CC90F004DD0BC /* AddReceipeView.swift */; };
		D5DC4D912D6CC93E004DD0BC /* CapsuleTextFieldStyle.swift in Sources */ = {isa = PBXBuildFile; fileRef = D5DC4D902D6CC93E004DD0BC /* CapsuleTextFieldStyle.swift */; };
		D5DC4D932D6CCAAF004DD0BC /* AddReceipeViewModel.swift in Sources */ = {isa = PBXBuildFile; fileRef = D5DC4D922D6CCAAF004DD0BC /* AddReceipeViewModel.swift */; };
		D5DC4D952D6CCBA1004DD0BC /* SessionState.swift in Sources */ = {isa = PBXBuildFile; fileRef = D5DC4D942D6CCBA1004DD0BC /* SessionState.swift */; };
		D5DC4D982D6CCC00004DD0BC /* SessionManager.swift in Sources */ = {isa = PBXBuildFile; fileRef = D5DC4D972D6CCC00004DD0BC /* SessionManager.swift */; };
		D5DC4D9A2D6DC89B004DD0BC /* GoogleService-Info.plist in Resources */ = {isa = PBXBuildFile; fileRef = D5DC4D992D6DC89B004DD0BC /* GoogleService-Info.plist */; };
		D5DC4D9D2D6DCB6A004DD0BC /* FirebaseAuth in Frameworks */ = {isa = PBXBuildFile; productRef = D5DC4D9C2D6DCB6A004DD0BC /* FirebaseAuth */; };
		D5DC4D9F2D6DCB6A004DD0BC /* FirebaseFirestore in Frameworks */ = {isa = PBXBuildFile; productRef = D5DC4D9E2D6DCB6A004DD0BC /* FirebaseFirestore */; };
		D5DC4DA12D6DCB6A004DD0BC /* FirebaseStorage in Frameworks */ = {isa = PBXBuildFile; productRef = D5DC4DA02D6DCB6A004DD0BC /* FirebaseStorage */; };
		D5DC4DA32D6DD821004DD0BC /* LoadingComponentView.swift in Sources */ = {isa = PBXBuildFile; fileRef = D5DC4DA22D6DD821004DD0BC /* LoadingComponentView.swift */; };
		D5DC4DA52D6E4F6F004DD0BC /* User.swift in Sources */ = {isa = PBXBuildFile; fileRef = D5DC4DA42D6E4F6F004DD0BC /* User.swift */; };
		D5DC4DA72D6E6AAC004DD0BC /* ImageLoaderViewModel.swift in Sources */ = {isa = PBXBuildFile; fileRef = D5DC4DA62D6E6AAC004DD0BC /* ImageLoaderViewModel.swift */; };
		D5DC4DAA2D6E6EFD004DD0BC /* CameraPicker.swift in Sources */ = {isa = PBXBuildFile; fileRef = D5DC4DA92D6E6EFD004DD0BC /* CameraPicker.swift */; };
/* End PBXBuildFile section */

/* Begin PBXFileReference section */
		20FA15472B9A788F00C835F0 /* CookBook.app */ = {isa = PBXFileReference; explicitFileType = wrapper.application; includeInIndex = 0; path = CookBook.app; sourceTree = BUILT_PRODUCTS_DIR; };
		20FA154A2B9A788F00C835F0 /* CookBookApp.swift */ = {isa = PBXFileReference; lastKnownFileType = sourcecode.swift; path = CookBookApp.swift; sourceTree = "<group>"; };
		20FA154E2B9A789000C835F0 /* Assets.xcassets */ = {isa = PBXFileReference; lastKnownFileType = folder.assetcatalog; path = Assets.xcassets; sourceTree = "<group>"; };
		20FA15512B9A789000C835F0 /* Preview Assets.xcassets */ = {isa = PBXFileReference; lastKnownFileType = folder.assetcatalog; path = "Preview Assets.xcassets"; sourceTree = "<group>"; };
		20FA157C2B9B344500C835F0 /* Colors.xcassets */ = {isa = PBXFileReference; lastKnownFileType = folder.assetcatalog; path = Colors.xcassets; sourceTree = "<group>"; };
		20FA15DA2B9BC32B00C835F0 /* HomeView.swift */ = {isa = PBXFileReference; lastKnownFileType = sourcecode.swift; path = HomeView.swift; sourceTree = "<group>"; };
		20FA15DE2B9BC4C100C835F0 /* Receipe.swift */ = {isa = PBXFileReference; lastKnownFileType = sourcecode.swift; path = Receipe.swift; sourceTree = "<group>"; };
		D56CBEBD2D8CCAD0000C124C /* ProgressComponentView.swift */ = {isa = PBXFileReference; lastKnownFileType = sourcecode.swift; path = ProgressComponentView.swift; sourceTree = "<group>"; };
		D5DC4D7A2D6C8867004DD0BC /* LoginView.swift */ = {isa = PBXFileReference; lastKnownFileType = sourcecode.swift; path = LoginView.swift; sourceTree = "<group>"; };
		D5DC4D7D2D6C8ECF004DD0BC /* LoginViewModel.swift */ = {isa = PBXFileReference; lastKnownFileType = sourcecode.swift; path = LoginViewModel.swift; sourceTree = "<group>"; };
		D5DC4D7F2D6C8FBF004DD0BC /* RegisterView.swift */ = {isa = PBXFileReference; lastKnownFileType = sourcecode.swift; path = RegisterView.swift; sourceTree = "<group>"; };
		D5DC4D822D6C93A9004DD0BC /* AuthTextFieldStyle.swift */ = {isa = PBXFileReference; lastKnownFileType = sourcecode.swift; path = AuthTextFieldStyle.swift; sourceTree = "<group>"; };
		D5DC4D842D6CA1B6004DD0BC /* PasswordComponentView.swift */ = {isa = PBXFileReference; lastKnownFileType = sourcecode.swift; path = PasswordComponentView.swift; sourceTree = "<group>"; };
		D5DC4D862D6CA4DA004DD0BC /* RegisterViewModel.swift */ = {isa = PBXFileReference; lastKnownFileType = sourcecode.swift; path = RegisterViewModel.swift; sourceTree = "<group>"; };
		D5DC4D882D6CAAEB004DD0BC /* HomeViewModel.swift */ = {isa = PBXFileReference; lastKnownFileType = sourcecode.swift; path = HomeViewModel.swift; sourceTree = "<group>"; };
		D5DC4D8A2D6CC00D004DD0BC /* ReceipeDetailView.swift */ = {isa = PBXFileReference; lastKnownFileType = sourcecode.swift; path = ReceipeDetailView.swift; sourceTree = "<group>"; };
		D5DC4D8C2D6CC616004DD0BC /* PrimaryButtonStyle.swift */ = {isa = PBXFileReference; lastKnownFileType = sourcecode.swift; path = PrimaryButtonStyle.swift; sourceTree = "<group>"; };
		D5DC4D8E2D6CC90F004DD0BC /* AddReceipeView.swift */ = {isa = PBXFileReference; lastKnownFileType = sourcecode.swift; path = AddReceipeView.swift; sourceTree = "<group>"; };
		D5DC4D902D6CC93E004DD0BC /* CapsuleTextFieldStyle.swift */ = {isa = PBXFileReference; lastKnownFileType = sourcecode.swift; path = CapsuleTextFieldStyle.swift; sourceTree = "<group>"; };
		D5DC4D922D6CCAAF004DD0BC /* AddReceipeViewModel.swift */ = {isa = PBXFileReference; lastKnownFileType = sourcecode.swift; path = AddReceipeViewModel.swift; sourceTree = "<group>"; };
		D5DC4D942D6CCBA1004DD0BC /* SessionState.swift */ = {isa = PBXFileReference; lastKnownFileType = sourcecode.swift; path = SessionState.swift; sourceTree = "<group>"; };
		D5DC4D972D6CCC00004DD0BC /* SessionManager.swift */ = {isa = PBXFileReference; lastKnownFileType = sourcecode.swift; path = SessionManager.swift; sourceTree = "<group>"; };
		D5DC4D992D6DC89B004DD0BC /* GoogleService-Info.plist */ = {isa = PBXFileReference; lastKnownFileType = text.plist.xml; path = "GoogleService-Info.plist"; sourceTree = "<group>"; };
		D5DC4DA22D6DD821004DD0BC /* LoadingComponentView.swift */ = {isa = PBXFileReference; lastKnownFileType = sourcecode.swift; path = LoadingComponentView.swift; sourceTree = "<group>"; };
		D5DC4DA42D6E4F6F004DD0BC /* User.swift */ = {isa = PBXFileReference; lastKnownFileType = sourcecode.swift; path = User.swift; sourceTree = "<group>"; };
		D5DC4DA62D6E6AAC004DD0BC /* ImageLoaderViewModel.swift */ = {isa = PBXFileReference; lastKnownFileType = sourcecode.swift; path = ImageLoaderViewModel.swift; sourceTree = "<group>"; };
		D5DC4DA92D6E6EFD004DD0BC /* CameraPicker.swift */ = {isa = PBXFileReference; lastKnownFileType = sourcecode.swift; path = CameraPicker.swift; sourceTree = "<group>"; };
/* End PBXFileReference section */

/* Begin PBXFrameworksBuildPhase section */
		20FA15442B9A788F00C835F0 /* Frameworks */ = {
			isa = PBXFrameworksBuildPhase;
			buildActionMask = 2147483647;
			files = (
				D5DC4D9D2D6DCB6A004DD0BC /* FirebaseAuth in Frameworks */,
				D5DC4D9F2D6DCB6A004DD0BC /* FirebaseFirestore in Frameworks */,
				D5DC4DA12D6DCB6A004DD0BC /* FirebaseStorage in Frameworks */,
			);
			runOnlyForDeploymentPostprocessing = 0;
		};
/* End PBXFrameworksBuildPhase section */

/* Begin PBXGroup section */
		20FA153E2B9A788F00C835F0 = {
			isa = PBXGroup;
			children = (
				20FA15492B9A788F00C835F0 /* CookBook */,
				20FA15482B9A788F00C835F0 /* Products */,
				20FA156A2B9B330700C835F0 /* Frameworks */,
			);
			sourceTree = "<group>";
		};
		20FA15482B9A788F00C835F0 /* Products */ = {
			isa = PBXGroup;
			children = (
				20FA15472B9A788F00C835F0 /* CookBook.app */,
			);
			name = Products;
			sourceTree = "<group>";
		};
		20FA15492B9A788F00C835F0 /* CookBook */ = {
			isa = PBXGroup;
			children = (
				D5DC4DA82D6E6ED6004DD0BC /* Utility */,
				D5DC4D962D6CCBD9004DD0BC /* Managers */,
				D5DC4D812D6C935C004DD0BC /* Components */,
				D5DC4D7C2D6C8EAB004DD0BC /* ViewModels */,
				20FA157E2B9B41B700C835F0 /* Views */,
				20FA156F2B9B333500C835F0 /* Models */,
				20FA154A2B9A788F00C835F0 /* CookBookApp.swift */,
				D5DC4D992D6DC89B004DD0BC /* GoogleService-Info.plist */,
				20FA154E2B9A789000C835F0 /* Assets.xcassets */,
				20FA15502B9A789000C835F0 /* Preview Content */,
				20FA157C2B9B344500C835F0 /* Colors.xcassets */,
			);
			path = CookBook;
			sourceTree = "<group>";
		};
		20FA15502B9A789000C835F0 /* Preview Content */ = {
			isa = PBXGroup;
			children = (
				20FA15512B9A789000C835F0 /* Preview Assets.xcassets */,
			);
			path = "Preview Content";
			sourceTree = "<group>";
		};
		20FA156A2B9B330700C835F0 /* Frameworks */ = {
			isa = PBXGroup;
			children = (
			);
			name = Frameworks;
			sourceTree = "<group>";
		};
		20FA156F2B9B333500C835F0 /* Models */ = {
			isa = PBXGroup;
			children = (
				20FA15DE2B9BC4C100C835F0 /* Receipe.swift */,
				D5DC4D942D6CCBA1004DD0BC /* SessionState.swift */,
				D5DC4DA42D6E4F6F004DD0BC /* User.swift */,
			);
			path = Models;
			sourceTree = "<group>";
		};
		20FA157E2B9B41B700C835F0 /* Views */ = {
			isa = PBXGroup;
			children = (
				20FA15DA2B9BC32B00C835F0 /* HomeView.swift */,
				D5DC4D7A2D6C8867004DD0BC /* LoginView.swift */,
				D5DC4D7F2D6C8FBF004DD0BC /* RegisterView.swift */,
				D5DC4D8A2D6CC00D004DD0BC /* ReceipeDetailView.swift */,
				D5DC4D8E2D6CC90F004DD0BC /* AddReceipeView.swift */,
			);
			path = Views;
			sourceTree = "<group>";
		};
		D5DC4D7C2D6C8EAB004DD0BC /* ViewModels */ = {
			isa = PBXGroup;
			children = (
				D5DC4D7D2D6C8ECF004DD0BC /* LoginViewModel.swift */,
				D5DC4D862D6CA4DA004DD0BC /* RegisterViewModel.swift */,
				D5DC4D882D6CAAEB004DD0BC /* HomeViewModel.swift */,
				D5DC4D922D6CCAAF004DD0BC /* AddReceipeViewModel.swift */,
				D5DC4DA62D6E6AAC004DD0BC /* ImageLoaderViewModel.swift */,
			);
			path = ViewModels;
			sourceTree = "<group>";
		};
		D5DC4D812D6C935C004DD0BC /* Components */ = {
			isa = PBXGroup;
			children = (
				D5DC4D822D6C93A9004DD0BC /* AuthTextFieldStyle.swift */,
				D5DC4D842D6CA1B6004DD0BC /* PasswordComponentView.swift */,
				D5DC4D8C2D6CC616004DD0BC /* PrimaryButtonStyle.swift */,
				D5DC4D902D6CC93E004DD0BC /* CapsuleTextFieldStyle.swift */,
				D5DC4DA22D6DD821004DD0BC /* LoadingComponentView.swift */,
				D56CBEBD2D8CCAD0000C124C /* ProgressComponentView.swift */,
			);
			path = Components;
			sourceTree = "<group>";
		};
		D5DC4D962D6CCBD9004DD0BC /* Managers */ = {
			isa = PBXGroup;
			children = (
				D5DC4D972D6CCC00004DD0BC /* SessionManager.swift */,
			);
			path = Managers;
			sourceTree = "<group>";
		};
		D5DC4DA82D6E6ED6004DD0BC /* Utility */ = {
			isa = PBXGroup;
			children = (
				D5DC4DA92D6E6EFD004DD0BC /* CameraPicker.swift */,
			);
			path = Utility;
			sourceTree = "<group>";
		};
/* End PBXGroup section */

/* Begin PBXNativeTarget section */
		20FA15462B9A788F00C835F0 /* CookBook */ = {
			isa = PBXNativeTarget;
			buildConfigurationList = 20FA15552B9A789000C835F0 /* Build configuration list for PBXNativeTarget "CookBook" */;
			buildPhases = (
				20FA15432B9A788F00C835F0 /* Sources */,
				20FA15442B9A788F00C835F0 /* Frameworks */,
				20FA15452B9A788F00C835F0 /* Resources */,
			);
			buildRules = (
			);
			dependencies = (
			);
			name = CookBook;
			packageProductDependencies = (
				D5DC4D9C2D6DCB6A004DD0BC /* FirebaseAuth */,
				D5DC4D9E2D6DCB6A004DD0BC /* FirebaseFirestore */,
				D5DC4DA02D6DCB6A004DD0BC /* FirebaseStorage */,
			);
			productName = CookBook;
			productReference = 20FA15472B9A788F00C835F0 /* CookBook.app */;
			productType = "com.apple.product-type.application";
		};
/* End PBXNativeTarget section */

/* Begin PBXProject section */
		20FA153F2B9A788F00C835F0 /* Project object */ = {
			isa = PBXProject;
			attributes = {
				BuildIndependentTargetsInParallel = 1;
				LastSwiftUpdateCheck = 1500;
				LastUpgradeCheck = 1500;
				TargetAttributes = {
					20FA15462B9A788F00C835F0 = {
						CreatedOnToolsVersion = 15.0.1;
					};
				};
			};
			buildConfigurationList = 20FA15422B9A788F00C835F0 /* Build configuration list for PBXProject "CookBook" */;
			compatibilityVersion = "Xcode 14.0";
			developmentRegion = en;
			hasScannedForEncodings = 0;
			knownRegions = (
				en,
				Base,
			);
			mainGroup = 20FA153E2B9A788F00C835F0;
			packageReferences = (
				D5DC4D9B2D6DCB6A004DD0BC /* XCRemoteSwiftPackageReference "firebase-ios-sdk" */,
			);
			productRefGroup = 20FA15482B9A788F00C835F0 /* Products */;
			projectDirPath = "";
			projectRoot = "";
			targets = (
				20FA15462B9A788F00C835F0 /* CookBook */,
			);
		};
/* End PBXProject section */

/* Begin PBXResourcesBuildPhase section */
		20FA15452B9A788F00C835F0 /* Resources */ = {
			isa = PBXResourcesBuildPhase;
			buildActionMask = 2147483647;
			files = (
				D5DC4D9A2D6DC89B004DD0BC /* GoogleService-Info.plist in Resources */,
				20FA15522B9A789000C835F0 /* Preview Assets.xcassets in Resources */,
				20FA157D2B9B344500C835F0 /* Colors.xcassets in Resources */,
				20FA154F2B9A789000C835F0 /* Assets.xcassets in Resources */,
			);
			runOnlyForDeploymentPostprocessing = 0;
		};
/* End PBXResourcesBuildPhase section */

/* Begin PBXSourcesBuildPhase section */
		20FA15432B9A788F00C835F0 /* Sources */ = {
			isa = PBXSourcesBuildPhase;
			buildActionMask = 2147483647;
			files = (
				D5DC4D8F2D6CC90F004DD0BC /* AddReceipeView.swift in Sources */,
				D5DC4D8D2D6CC616004DD0BC /* PrimaryButtonStyle.swift in Sources */,
				D5DC4D952D6CCBA1004DD0BC /* SessionState.swift in Sources */,
				20FA15DF2B9BC4C100C835F0 /* Receipe.swift in Sources */,
				D5DC4D912D6CC93E004DD0BC /* CapsuleTextFieldStyle.swift in Sources */,
				D5DC4D8B2D6CC00D004DD0BC /* ReceipeDetailView.swift in Sources */,
				20FA15DB2B9BC32B00C835F0 /* HomeView.swift in Sources */,
				D5DC4DA72D6E6AAC004DD0BC /* ImageLoaderViewModel.swift in Sources */,
				D5DC4D832D6C93A9004DD0BC /* AuthTextFieldStyle.swift in Sources */,
				D5DC4D892D6CAAEB004DD0BC /* HomeViewModel.swift in Sources */,
				D5DC4DAA2D6E6EFD004DD0BC /* CameraPicker.swift in Sources */,
				D5DC4D7B2D6C8867004DD0BC /* LoginView.swift in Sources */,
				D5DC4D802D6C8FBF004DD0BC /* RegisterView.swift in Sources */,
				D5DC4D7E2D6C8ECF004DD0BC /* LoginViewModel.swift in Sources */,
				20FA154B2B9A788F00C835F0 /* CookBookApp.swift in Sources */,
				D5DC4D932D6CCAAF004DD0BC /* AddReceipeViewModel.swift in Sources */,
				D5DC4D872D6CA4DA004DD0BC /* RegisterViewModel.swift in Sources */,
				D56CBEBE2D8CCAD0000C124C /* ProgressComponentView.swift in Sources */,
				D5DC4DA32D6DD821004DD0BC /* LoadingComponentView.swift in Sources */,
				D5DC4D852D6CA1B6004DD0BC /* PasswordComponentView.swift in Sources */,
				D5DC4D982D6CCC00004DD0BC /* SessionManager.swift in Sources */,
				D5DC4DA52D6E4F6F004DD0BC /* User.swift in Sources */,
			);
			runOnlyForDeploymentPostprocessing = 0;
		};
/* End PBXSourcesBuildPhase section */

/* Begin XCBuildConfiguration section */
		20FA15532B9A789000C835F0 /* Debug */ = {
			isa = XCBuildConfiguration;
			buildSettings = {
				ALWAYS_SEARCH_USER_PATHS = NO;
				ASSETCATALOG_COMPILER_GENERATE_SWIFT_ASSET_SYMBOL_EXTENSIONS = YES;
				CLANG_ANALYZER_NONNULL = YES;
				CLANG_ANALYZER_NUMBER_OBJECT_CONVERSION = YES_AGGRESSIVE;
				CLANG_CXX_LANGUAGE_STANDARD = "gnu++20";
				CLANG_ENABLE_MODULES = YES;
				CLANG_ENABLE_OBJC_ARC = YES;
				CLANG_ENABLE_OBJC_WEAK = YES;
				CLANG_WARN_BLOCK_CAPTURE_AUTORELEASING = YES;
				CLANG_WARN_BOOL_CONVERSION = YES;
				CLANG_WARN_COMMA = YES;
				CLANG_WARN_CONSTANT_CONVERSION = YES;
				CLANG_WARN_DEPRECATED_OBJC_IMPLEMENTATIONS = YES;
				CLANG_WARN_DIRECT_OBJC_ISA_USAGE = YES_ERROR;
				CLANG_WARN_DOCUMENTATION_COMMENTS = YES;
				CLANG_WARN_EMPTY_BODY = YES;
				CLANG_WARN_ENUM_CONVERSION = YES;
				CLANG_WARN_INFINITE_RECURSION = YES;
				CLANG_WARN_INT_CONVERSION = YES;
				CLANG_WARN_NON_LITERAL_NULL_CONVERSION = YES;
				CLANG_WARN_OBJC_IMPLICIT_RETAIN_SELF = YES;
				CLANG_WARN_OBJC_LITERAL_CONVERSION = YES;
				CLANG_WARN_OBJC_ROOT_CLASS = YES_ERROR;
				CLANG_WARN_QUOTED_INCLUDE_IN_FRAMEWORK_HEADER = YES;
				CLANG_WARN_RANGE_LOOP_ANALYSIS = YES;
				CLANG_WARN_STRICT_PROTOTYPES = YES;
				CLANG_WARN_SUSPICIOUS_MOVE = YES;
				CLANG_WARN_UNGUARDED_AVAILABILITY = YES_AGGRESSIVE;
				CLANG_WARN_UNREACHABLE_CODE = YES;
				CLANG_WARN__DUPLICATE_METHOD_MATCH = YES;
				COPY_PHASE_STRIP = NO;
				DEBUG_INFORMATION_FORMAT = dwarf;
				ENABLE_STRICT_OBJC_MSGSEND = YES;
				ENABLE_TESTABILITY = YES;
				ENABLE_USER_SCRIPT_SANDBOXING = YES;
				GCC_C_LANGUAGE_STANDARD = gnu17;
				GCC_DYNAMIC_NO_PIC = NO;
				GCC_NO_COMMON_BLOCKS = YES;
				GCC_OPTIMIZATION_LEVEL = 0;
				GCC_PREPROCESSOR_DEFINITIONS = (
					"DEBUG=1",
					"$(inherited)",
				);
				GCC_WARN_64_TO_32_BIT_CONVERSION = YES;
				GCC_WARN_ABOUT_RETURN_TYPE = YES_ERROR;
				GCC_WARN_UNDECLARED_SELECTOR = YES;
				GCC_WARN_UNINITIALIZED_AUTOS = YES_AGGRESSIVE;
				GCC_WARN_UNUSED_FUNCTION = YES;
				GCC_WARN_UNUSED_VARIABLE = YES;
				IPHONEOS_DEPLOYMENT_TARGET = 17.0;
				LOCALIZATION_PREFERS_STRING_CATALOGS = YES;
				MTL_ENABLE_DEBUG_INFO = INCLUDE_SOURCE;
				MTL_FAST_MATH = YES;
				ONLY_ACTIVE_ARCH = YES;
				SDKROOT = iphoneos;
				SWIFT_ACTIVE_COMPILATION_CONDITIONS = "DEBUG $(inherited)";
				SWIFT_OPTIMIZATION_LEVEL = "-Onone";
			};
			name = Debug;
		};
		20FA15542B9A789000C835F0 /* Release */ = {
			isa = XCBuildConfiguration;
			buildSettings = {
				ALWAYS_SEARCH_USER_PATHS = NO;
				ASSETCATALOG_COMPILER_GENERATE_SWIFT_ASSET_SYMBOL_EXTENSIONS = YES;
				CLANG_ANALYZER_NONNULL = YES;
				CLANG_ANALYZER_NUMBER_OBJECT_CONVERSION = YES_AGGRESSIVE;
				CLANG_CXX_LANGUAGE_STANDARD = "gnu++20";
				CLANG_ENABLE_MODULES = YES;
				CLANG_ENABLE_OBJC_ARC = YES;
				CLANG_ENABLE_OBJC_WEAK = YES;
				CLANG_WARN_BLOCK_CAPTURE_AUTORELEASING = YES;
				CLANG_WARN_BOOL_CONVERSION = YES;
				CLANG_WARN_COMMA = YES;
				CLANG_WARN_CONSTANT_CONVERSION = YES;
				CLANG_WARN_DEPRECATED_OBJC_IMPLEMENTATIONS = YES;
				CLANG_WARN_DIRECT_OBJC_ISA_USAGE = YES_ERROR;
				CLANG_WARN_DOCUMENTATION_COMMENTS = YES;
				CLANG_WARN_EMPTY_BODY = YES;
				CLANG_WARN_ENUM_CONVERSION = YES;
				CLANG_WARN_INFINITE_RECURSION = YES;
				CLANG_WARN_INT_CONVERSION = YES;
				CLANG_WARN_NON_LITERAL_NULL_CONVERSION = YES;
				CLANG_WARN_OBJC_IMPLICIT_RETAIN_SELF = YES;
				CLANG_WARN_OBJC_LITERAL_CONVERSION = YES;
				CLANG_WARN_OBJC_ROOT_CLASS = YES_ERROR;
				CLANG_WARN_QUOTED_INCLUDE_IN_FRAMEWORK_HEADER = YES;
				CLANG_WARN_RANGE_LOOP_ANALYSIS = YES;
				CLANG_WARN_STRICT_PROTOTYPES = YES;
				CLANG_WARN_SUSPICIOUS_MOVE = YES;
				CLANG_WARN_UNGUARDED_AVAILABILITY = YES_AGGRESSIVE;
				CLANG_WARN_UNREACHABLE_CODE = YES;
				CLANG_WARN__DUPLICATE_METHOD_MATCH = YES;
				COPY_PHASE_STRIP = NO;
				DEBUG_INFORMATION_FORMAT = "dwarf-with-dsym";
				ENABLE_NS_ASSERTIONS = NO;
				ENABLE_STRICT_OBJC_MSGSEND = YES;
				ENABLE_USER_SCRIPT_SANDBOXING = YES;
				GCC_C_LANGUAGE_STANDARD = gnu17;
				GCC_NO_COMMON_BLOCKS = YES;
				GCC_WARN_64_TO_32_BIT_CONVERSION = YES;
				GCC_WARN_ABOUT_RETURN_TYPE = YES_ERROR;
				GCC_WARN_UNDECLARED_SELECTOR = YES;
				GCC_WARN_UNINITIALIZED_AUTOS = YES_AGGRESSIVE;
				GCC_WARN_UNUSED_FUNCTION = YES;
				GCC_WARN_UNUSED_VARIABLE = YES;
				IPHONEOS_DEPLOYMENT_TARGET = 17.0;
				LOCALIZATION_PREFERS_STRING_CATALOGS = YES;
				MTL_ENABLE_DEBUG_INFO = NO;
				MTL_FAST_MATH = YES;
				SDKROOT = iphoneos;
				SWIFT_COMPILATION_MODE = wholemodule;
				VALIDATE_PRODUCT = YES;
			};
			name = Release;
		};
		20FA15562B9A789000C835F0 /* Debug */ = {
			isa = XCBuildConfiguration;
			buildSettings = {
				ASSETCATALOG_COMPILER_APPICON_NAME = AppIcon;
				ASSETCATALOG_COMPILER_GLOBAL_ACCENT_COLOR_NAME = AccentColor;
				CODE_SIGN_STYLE = Automatic;
				CURRENT_PROJECT_VERSION = 1;
				DEVELOPMENT_ASSET_PATHS = "\"CookBook/Preview Content\"";
				DEVELOPMENT_TEAM = T9ZYT7333D;
				ENABLE_PREVIEWS = YES;
				GENERATE_INFOPLIST_FILE = YES;
				INFOPLIST_KEY_NSCameraUsageDescription = "CookBook would like to use your camera to take pictures of your receipes";
				INFOPLIST_KEY_NSPhotoLibraryUsageDescription = "CookBook would like access to your photo library to upload images of your receipes";
				INFOPLIST_KEY_UIApplicationSceneManifest_Generation = YES;
				INFOPLIST_KEY_UIApplicationSupportsIndirectInputEvents = YES;
				INFOPLIST_KEY_UILaunchScreen_Generation = YES;
				INFOPLIST_KEY_UISupportedInterfaceOrientations_iPad = "UIInterfaceOrientationPortrait UIInterfaceOrientationPortraitUpsideDown UIInterfaceOrientationLandscapeLeft UIInterfaceOrientationLandscapeRight";
				INFOPLIST_KEY_UISupportedInterfaceOrientations_iPhone = "UIInterfaceOrientationPortrait UIInterfaceOrientationLandscapeLeft UIInterfaceOrientationLandscapeRight";
				LD_RUNPATH_SEARCH_PATHS = (
					"$(inherited)",
					"@executable_path/Frameworks",
				);
				MARKETING_VERSION = 1.0;
				PRODUCT_BUNDLE_IDENTIFIER = com.hariom.CookBook;
				PRODUCT_NAME = "$(TARGET_NAME)";
				SWIFT_EMIT_LOC_STRINGS = YES;
				SWIFT_VERSION = 5.0;
				TARGETED_DEVICE_FAMILY = "1,2";
			};
			name = Debug;
		};
		20FA15572B9A789000C835F0 /* Release */ = {
			isa = XCBuildConfiguration;
			buildSettings = {
				ASSETCATALOG_COMPILER_APPICON_NAME = AppIcon;
				ASSETCATALOG_COMPILER_GLOBAL_ACCENT_COLOR_NAME = AccentColor;
				CODE_SIGN_STYLE = Automatic;
				CURRENT_PROJECT_VERSION = 1;
				DEVELOPMENT_ASSET_PATHS = "\"CookBook/Preview Content\"";
				DEVELOPMENT_TEAM = T9ZYT7333D;
				ENABLE_PREVIEWS = YES;
				GENERATE_INFOPLIST_FILE = YES;
				INFOPLIST_KEY_NSCameraUsageDescription = "CookBook would like to use your camera to take pictures of your receipes";
				INFOPLIST_KEY_NSPhotoLibraryUsageDescription = "CookBook would like access to your photo library to upload images of your receipes";
				INFOPLIST_KEY_UIApplicationSceneManifest_Generation = YES;
				INFOPLIST_KEY_UIApplicationSupportsIndirectInputEvents = YES;
				INFOPLIST_KEY_UILaunchScreen_Generation = YES;
				INFOPLIST_KEY_UISupportedInterfaceOrientations_iPad = "UIInterfaceOrientationPortrait UIInterfaceOrientationPortraitUpsideDown UIInterfaceOrientationLandscapeLeft UIInterfaceOrientationLandscapeRight";
				INFOPLIST_KEY_UISupportedInterfaceOrientations_iPhone = "UIInterfaceOrientationPortrait UIInterfaceOrientationLandscapeLeft UIInterfaceOrientationLandscapeRight";
				LD_RUNPATH_SEARCH_PATHS = (
					"$(inherited)",
					"@executable_path/Frameworks",
				);
				MARKETING_VERSION = 1.0;
				PRODUCT_BUNDLE_IDENTIFIER = com.hariom.CookBook;
				PRODUCT_NAME = "$(TARGET_NAME)";
				SWIFT_EMIT_LOC_STRINGS = YES;
				SWIFT_VERSION = 5.0;
				TARGETED_DEVICE_FAMILY = "1,2";
			};
			name = Release;
		};
/* End XCBuildConfiguration section */

/* Begin XCConfigurationList section */
		20FA15422B9A788F00C835F0 /* Build configuration list for PBXProject "CookBook" */ = {
			isa = XCConfigurationList;
			buildConfigurations = (
				20FA15532B9A789000C835F0 /* Debug */,
				20FA15542B9A789000C835F0 /* Release */,
			);
			defaultConfigurationIsVisible = 0;
			defaultConfigurationName = Release;
		};
		20FA15552B9A789000C835F0 /* Build configuration list for PBXNativeTarget "CookBook" */ = {
			isa = XCConfigurationList;
			buildConfigurations = (
				20FA15562B9A789000C835F0 /* Debug */,
				20FA15572B9A789000C835F0 /* Release */,
			);
			defaultConfigurationIsVisible = 0;
			defaultConfigurationName = Release;
		};
/* End XCConfigurationList section */

/* Begin XCRemoteSwiftPackageReference section */
		D5DC4D9B2D6DCB6A004DD0BC /* XCRemoteSwiftPackageReference "firebase-ios-sdk" */ = {
			isa = XCRemoteSwiftPackageReference;
			repositoryURL = "https://github.com/firebase/firebase-ios-sdk";
			requirement = {
				kind = upToNextMajorVersion;
				minimumVersion = 11.8.1;
			};
		};
/* End XCRemoteSwiftPackageReference section */

/* Begin XCSwiftPackageProductDependency section */
		D5DC4D9C2D6DCB6A004DD0BC /* FirebaseAuth */ = {
			isa = XCSwiftPackageProductDependency;
			package = D5DC4D9B2D6DCB6A004DD0BC /* XCRemoteSwiftPackageReference "firebase-ios-sdk" */;
			productName = FirebaseAuth;
		};
		D5DC4D9E2D6DCB6A004DD0BC /* FirebaseFirestore */ = {
			isa = XCSwiftPackageProductDependency;
			package = D5DC4D9B2D6DCB6A004DD0BC /* XCRemoteSwiftPackageReference "firebase-ios-sdk" */;
			productName = FirebaseFirestore;
		};
		D5DC4DA02D6DCB6A004DD0BC /* FirebaseStorage */ = {
			isa = XCSwiftPackageProductDependency;
			package = D5DC4D9B2D6DCB6A004DD0BC /* XCRemoteSwiftPackageReference "firebase-ios-sdk" */;
			productName = FirebaseStorage;
		};
/* End XCSwiftPackageProductDependency section */
	};
	rootObject = 20FA153F2B9A788F00C835F0 /* Project object */;
}
